
Microsoft Visual Studio Solution File, Format Version 12.00
# Visual Studio Version 16
VisualStudioVersion = 25.0.1706.8
MinimumVisualStudioVersion = 10.0.40219.1
Project("{FAE04EC0-301F-11D3-BF4B-00C04F79EFBC}") = "BA_GPS.Infrastructure", "BA_GPS.Infrastructure.csproj", "{9131B4D1-AC69-48A5-9DBC-4140F8538ECE}"
EndProject
Global
	GlobalSection(SolutionConfigurationPlatforms) = preSolution
		Debug|Any CPU = Debug|Any CPU
		Release|Any CPU = Release|Any CPU
	EndGlobalSection
	GlobalSection(ProjectConfigurationPlatforms) = postSolution
		{9131B4D1-AC69-48A5-9DBC-4140F8538ECE}.Debug|Any CPU.ActiveCfg = Debug|Any CPU
		{9131B4D1-AC69-48A5-9DBC-4140F8538ECE}.Debug|Any CPU.Build.0 = Debug|Any CPU
		{9131B4D1-AC69-48A5-9DBC-4140F8538ECE}.Release|Any CPU.ActiveCfg = Release|Any CPU
		{9131B4D1-AC69-48A5-9DBC-4140F8538ECE}.Release|Any CPU.Build.0 = Release|Any CPU
	EndGlobalSection
	GlobalSection(SolutionProperties) = preSolution
		HideSolutionNode = FALSE
	EndGlobalSection
	GlobalSection(ExtensibilityGlobals) = postSolution
		SolutionGuid = {6C7C7EA2-B0FD-4576-9422-ED9124988403}
	EndGlobalSection
EndGlobal
