
Microsoft Visual Studio Solution File, Format Version 12.00
# Visual Studio Version 16
VisualStudioVersion = 25.0.1706.8
MinimumVisualStudioVersion = 10.0.40219.1
Project("{FAE04EC0-301F-11D3-BF4B-00C04F79EFBC}") = "BA_GPS.Host", "BA_GPS.Host.csproj", "{DE5F1125-9979-4490-B83F-9E3E62014006}"
EndProject
Global
	GlobalSection(SolutionConfigurationPlatforms) = preSolution
		Debug|Any CPU = Debug|Any CPU
		Release|Any CPU = Release|Any CPU
	EndGlobalSection
	GlobalSection(ProjectConfigurationPlatforms) = postSolution
		{DE5F1125-9979-4490-B83F-9E3E62014006}.Debug|Any CPU.ActiveCfg = Debug|Any CPU
		{DE5F1125-9979-4490-B83F-9E3E62014006}.Debug|Any CPU.Build.0 = Debug|Any CPU
		{DE5F1125-9979-4490-B83F-9E3E62014006}.Release|Any CPU.ActiveCfg = Release|Any CPU
		{DE5F1125-9979-4490-B83F-9E3E62014006}.Release|Any CPU.Build.0 = Release|Any CPU
	EndGlobalSection
	GlobalSection(SolutionProperties) = preSolution
		HideSolutionNode = FALSE
	EndGlobalSection
	GlobalSection(ExtensibilityGlobals) = postSolution
		SolutionGuid = {5B20EB7F-8DEC-4B1C-933E-F2C7B0FCA067}
	EndGlobalSection
EndGlobal
